
Microsoft Visual Studio Solution File, Format Version 12.00
Project("{2150E333-8FDC-42A3-9474-1A3956D46DE8}") = "src", "src", "{67304BDC-CC7D-47DA-92B4-E2E8BBEF49B4}"
EndProject
Project("{FAE04EC0-301F-11D3-BF4B-00C04F79EFBC}") = "TaskPilot.Domain", "TaskPilot.Domain\TaskPilot.Domain.csproj", "{58F461FA-AFA6-4A64-86D4-D836EC74EDAE}"
EndProject
Project("{FAE04EC0-301F-11D3-BF4B-00C04F79EFBC}") = "TaskPilot.Application", "TaskPilot.Application\TaskPilot.Application.csproj", "{F1BA9783-6FD4-4414-90A3-045D0F059B77}"
EndProject
Project("{FAE04EC0-301F-11D3-BF4B-00C04F79EFBC}") = "TaskPilot.Infrastructure", "TaskPilot.Infrastructure\TaskPilot.Infrastructure.csproj", "{9F1A1E38-CE61-4EEF-BC53-0E2136052CF6}"
EndProject
Project("{FAE04EC0-301F-11D3-BF4B-00C04F79EFBC}") = "TaskPilot.Persistence", "TaskPilot.Persistence\TaskPilot.Persistence.csproj", "{4C119D93-B44C-4149-B010-D2EFCCB3CB8F}"
EndProject
Project("{FAE04EC0-301F-11D3-BF4B-00C04F79EFBC}") = "TaskPilot.API", "TaskPilot.API\TaskPilot.API.csproj", "{6A1934F3-6D68-4D24-B3DB-636551436FA1}"
EndProject
Project("{FAE04EC0-301F-11D3-BF4B-00C04F79EFBC}") = "TaskPilot.Application.Tests", "TaskPilot.Application.Tests\TaskPilot.Application.Tests.csproj", "{C545137C-860E-4E8C-BC09-68E2DC23E45E}"
EndProject
Project("{FAE04EC0-301F-11D3-BF4B-00C04F79EFBC}") = "PracticeProject", "PracticeProject \PracticeProject.csproj", "{A7B62C19-9A53-4FB2-94F5-121D479B956C}"
EndProject
Project("{2150E333-8FDC-42A3-9474-1A3956D46DE8}") = "Practice", "Practice", "{15D55B30-2D28-4F7A-B7EF-F022A81F9687}"
EndProject
Project("{2150E333-8FDC-42A3-9474-1A3956D46DE8}") = "tests", "tests", "{E241461A-F2BF-4E7A-B187-4CA526C7F253}"
EndProject
Global
	GlobalSection(SolutionConfigurationPlatforms) = preSolution
		Debug|Any CPU = Debug|Any CPU
		Debug|x64 = Debug|x64
		Debug|x86 = Debug|x86
		Release|Any CPU = Release|Any CPU
		Release|x64 = Release|x64
		Release|x86 = Release|x86
	EndGlobalSection
	GlobalSection(ProjectConfigurationPlatforms) = postSolution
		{58F461FA-AFA6-4A64-86D4-D836EC74EDAE}.Debug|Any CPU.ActiveCfg = Debug|Any CPU
		{58F461FA-AFA6-4A64-86D4-D836EC74EDAE}.Debug|Any CPU.Build.0 = Debug|Any CPU
		{58F461FA-AFA6-4A64-86D4-D836EC74EDAE}.Debug|x64.ActiveCfg = Debug|Any CPU
		{58F461FA-AFA6-4A64-86D4-D836EC74EDAE}.Debug|x64.Build.0 = Debug|Any CPU
		{58F461FA-AFA6-4A64-86D4-D836EC74EDAE}.Debug|x86.ActiveCfg = Debug|Any CPU
		{58F461FA-AFA6-4A64-86D4-D836EC74EDAE}.Debug|x86.Build.0 = Debug|Any CPU
		{58F461FA-AFA6-4A64-86D4-D836EC74EDAE}.Release|Any CPU.ActiveCfg = Release|Any CPU
		{58F461FA-AFA6-4A64-86D4-D836EC74EDAE}.Release|Any CPU.Build.0 = Release|Any CPU
		{58F461FA-AFA6-4A64-86D4-D836EC74EDAE}.Release|x64.ActiveCfg = Release|Any CPU
		{58F461FA-AFA6-4A64-86D4-D836EC74EDAE}.Release|x64.Build.0 = Release|Any CPU
		{58F461FA-AFA6-4A64-86D4-D836EC74EDAE}.Release|x86.ActiveCfg = Release|Any CPU
		{58F461FA-AFA6-4A64-86D4-D836EC74EDAE}.Release|x86.Build.0 = Release|Any CPU
		{F1BA9783-6FD4-4414-90A3-045D0F059B77}.Debug|Any CPU.ActiveCfg = Debug|Any CPU
		{F1BA9783-6FD4-4414-90A3-045D0F059B77}.Debug|Any CPU.Build.0 = Debug|Any CPU
		{F1BA9783-6FD4-4414-90A3-045D0F059B77}.Debug|x64.ActiveCfg = Debug|Any CPU
		{F1BA9783-6FD4-4414-90A3-045D0F059B77}.Debug|x64.Build.0 = Debug|Any CPU
		{F1BA9783-6FD4-4414-90A3-045D0F059B77}.Debug|x86.ActiveCfg = Debug|Any CPU
		{F1BA9783-6FD4-4414-90A3-045D0F059B77}.Debug|x86.Build.0 = Debug|Any CPU
		{F1BA9783-6FD4-4414-90A3-045D0F059B77}.Release|Any CPU.ActiveCfg = Release|Any CPU
		{F1BA9783-6FD4-4414-90A3-045D0F059B77}.Release|Any CPU.Build.0 = Release|Any CPU
		{F1BA9783-6FD4-4414-90A3-045D0F059B77}.Release|x64.ActiveCfg = Release|Any CPU
		{F1BA9783-6FD4-4414-90A3-045D0F059B77}.Release|x64.Build.0 = Release|Any CPU
		{F1BA9783-6FD4-4414-90A3-045D0F059B77}.Release|x86.ActiveCfg = Release|Any CPU
		{F1BA9783-6FD4-4414-90A3-045D0F059B77}.Release|x86.Build.0 = Release|Any CPU
		{9F1A1E38-CE61-4EEF-BC53-0E2136052CF6}.Debug|Any CPU.ActiveCfg = Debug|Any CPU
		{9F1A1E38-CE61-4EEF-BC53-0E2136052CF6}.Debug|Any CPU.Build.0 = Debug|Any CPU
		{9F1A1E38-CE61-4EEF-BC53-0E2136052CF6}.Debug|x64.ActiveCfg = Debug|Any CPU
		{9F1A1E38-CE61-4EEF-BC53-0E2136052CF6}.Debug|x64.Build.0 = Debug|Any CPU
		{9F1A1E38-CE61-4EEF-BC53-0E2136052CF6}.Debug|x86.ActiveCfg = Debug|Any CPU
		{9F1A1E38-CE61-4EEF-BC53-0E2136052CF6}.Debug|x86.Build.0 = Debug|Any CPU
		{9F1A1E38-CE61-4EEF-BC53-0E2136052CF6}.Release|Any CPU.ActiveCfg = Release|Any CPU
		{9F1A1E38-CE61-4EEF-BC53-0E2136052CF6}.Release|Any CPU.Build.0 = Release|Any CPU
		{9F1A1E38-CE61-4EEF-BC53-0E2136052CF6}.Release|x64.ActiveCfg = Release|Any CPU
		{9F1A1E38-CE61-4EEF-BC53-0E2136052CF6}.Release|x64.Build.0 = Release|Any CPU
		{9F1A1E38-CE61-4EEF-BC53-0E2136052CF6}.Release|x86.ActiveCfg = Release|Any CPU
		{9F1A1E38-CE61-4EEF-BC53-0E2136052CF6}.Release|x86.Build.0 = Release|Any CPU
		{4C119D93-B44C-4149-B010-D2EFCCB3CB8F}.Debug|Any CPU.ActiveCfg = Debug|Any CPU
		{4C119D93-B44C-4149-B010-D2EFCCB3CB8F}.Debug|Any CPU.Build.0 = Debug|Any CPU
		{4C119D93-B44C-4149-B010-D2EFCCB3CB8F}.Debug|x64.ActiveCfg = Debug|Any CPU
		{4C119D93-B44C-4149-B010-D2EFCCB3CB8F}.Debug|x64.Build.0 = Debug|Any CPU
		{4C119D93-B44C-4149-B010-D2EFCCB3CB8F}.Debug|x86.ActiveCfg = Debug|Any CPU
		{4C119D93-B44C-4149-B010-D2EFCCB3CB8F}.Debug|x86.Build.0 = Debug|Any CPU
		{4C119D93-B44C-4149-B010-D2EFCCB3CB8F}.Release|Any CPU.ActiveCfg = Release|Any CPU
		{4C119D93-B44C-4149-B010-D2EFCCB3CB8F}.Release|Any CPU.Build.0 = Release|Any CPU
		{4C119D93-B44C-4149-B010-D2EFCCB3CB8F}.Release|x64.ActiveCfg = Release|Any CPU
		{4C119D93-B44C-4149-B010-D2EFCCB3CB8F}.Release|x64.Build.0 = Release|Any CPU
		{4C119D93-B44C-4149-B010-D2EFCCB3CB8F}.Release|x86.ActiveCfg = Release|Any CPU
		{4C119D93-B44C-4149-B010-D2EFCCB3CB8F}.Release|x86.Build.0 = Release|Any CPU
		{6A1934F3-6D68-4D24-B3DB-636551436FA1}.Debug|Any CPU.ActiveCfg = Debug|Any CPU
		{6A1934F3-6D68-4D24-B3DB-636551436FA1}.Debug|Any CPU.Build.0 = Debug|Any CPU
		{6A1934F3-6D68-4D24-B3DB-636551436FA1}.Debug|x64.ActiveCfg = Debug|Any CPU
		{6A1934F3-6D68-4D24-B3DB-636551436FA1}.Debug|x64.Build.0 = Debug|Any CPU
		{6A1934F3-6D68-4D24-B3DB-636551436FA1}.Debug|x86.ActiveCfg = Debug|Any CPU
		{6A1934F3-6D68-4D24-B3DB-636551436FA1}.Debug|x86.Build.0 = Debug|Any CPU
		{6A1934F3-6D68-4D24-B3DB-636551436FA1}.Release|Any CPU.ActiveCfg = Release|Any CPU
		{6A1934F3-6D68-4D24-B3DB-636551436FA1}.Release|Any CPU.Build.0 = Release|Any CPU
		{6A1934F3-6D68-4D24-B3DB-636551436FA1}.Release|x64.ActiveCfg = Release|Any CPU
		{6A1934F3-6D68-4D24-B3DB-636551436FA1}.Release|x64.Build.0 = Release|Any CPU
		{6A1934F3-6D68-4D24-B3DB-636551436FA1}.Release|x86.ActiveCfg = Release|Any CPU
		{6A1934F3-6D68-4D24-B3DB-636551436FA1}.Release|x86.Build.0 = Release|Any CPU
		{C545137C-860E-4E8C-BC09-68E2DC23E45E}.Debug|Any CPU.ActiveCfg = Debug|Any CPU
		{C545137C-860E-4E8C-BC09-68E2DC23E45E}.Debug|Any CPU.Build.0 = Debug|Any CPU
		{C545137C-860E-4E8C-BC09-68E2DC23E45E}.Debug|x64.ActiveCfg = Debug|Any CPU
		{C545137C-860E-4E8C-BC09-68E2DC23E45E}.Debug|x64.Build.0 = Debug|Any CPU
		{C545137C-860E-4E8C-BC09-68E2DC23E45E}.Debug|x86.ActiveCfg = Debug|Any CPU
		{C545137C-860E-4E8C-BC09-68E2DC23E45E}.Debug|x86.Build.0 = Debug|Any CPU
		{C545137C-860E-4E8C-BC09-68E2DC23E45E}.Release|Any CPU.ActiveCfg = Release|Any CPU
		{C545137C-860E-4E8C-BC09-68E2DC23E45E}.Release|Any CPU.Build.0 = Release|Any CPU
		{C545137C-860E-4E8C-BC09-68E2DC23E45E}.Release|x64.ActiveCfg = Release|Any CPU
		{C545137C-860E-4E8C-BC09-68E2DC23E45E}.Release|x64.Build.0 = Release|Any CPU
		{C545137C-860E-4E8C-BC09-68E2DC23E45E}.Release|x86.ActiveCfg = Release|Any CPU
		{C545137C-860E-4E8C-BC09-68E2DC23E45E}.Release|x86.Build.0 = Release|Any CPU
		{A7B62C19-9A53-4FB2-94F5-121D479B956C}.Debug|Any CPU.ActiveCfg = Debug|Any CPU
		{A7B62C19-9A53-4FB2-94F5-121D479B956C}.Debug|Any CPU.Build.0 = Debug|Any CPU
		{A7B62C19-9A53-4FB2-94F5-121D479B956C}.Debug|x64.ActiveCfg = Debug|Any CPU
		{A7B62C19-9A53-4FB2-94F5-121D479B956C}.Debug|x64.Build.0 = Debug|Any CPU
		{A7B62C19-9A53-4FB2-94F5-121D479B956C}.Debug|x86.ActiveCfg = Debug|Any CPU
		{A7B62C19-9A53-4FB2-94F5-121D479B956C}.Debug|x86.Build.0 = Debug|Any CPU
		{A7B62C19-9A53-4FB2-94F5-121D479B956C}.Release|Any CPU.ActiveCfg = Release|Any CPU
		{A7B62C19-9A53-4FB2-94F5-121D479B956C}.Release|Any CPU.Build.0 = Release|Any CPU
		{A7B62C19-9A53-4FB2-94F5-121D479B956C}.Release|x64.ActiveCfg = Release|Any CPU
		{A7B62C19-9A53-4FB2-94F5-121D479B956C}.Release|x64.Build.0 = Release|Any CPU
		{A7B62C19-9A53-4FB2-94F5-121D479B956C}.Release|x86.ActiveCfg = Release|Any CPU
		{A7B62C19-9A53-4FB2-94F5-121D479B956C}.Release|x86.Build.0 = Release|Any CPU
	EndGlobalSection
	GlobalSection(SolutionProperties) = preSolution
		HideSolutionNode = FALSE
	EndGlobalSection
	GlobalSection(NestedProjects) = preSolution
		{58F461FA-AFA6-4A64-86D4-D836EC74EDAE} = {67304BDC-CC7D-47DA-92B4-E2E8BBEF49B4}
		{F1BA9783-6FD4-4414-90A3-045D0F059B77} = {67304BDC-CC7D-47DA-92B4-E2E8BBEF49B4}
		{9F1A1E38-CE61-4EEF-BC53-0E2136052CF6} = {67304BDC-CC7D-47DA-92B4-E2E8BBEF49B4}
		{4C119D93-B44C-4149-B010-D2EFCCB3CB8F} = {67304BDC-CC7D-47DA-92B4-E2E8BBEF49B4}
		{A7B62C19-9A53-4FB2-94F5-121D479B956C} = {15D55B30-2D28-4F7A-B7EF-F022A81F9687}
		{6A1934F3-6D68-4D24-B3DB-636551436FA1} = {67304BDC-CC7D-47DA-92B4-E2E8BBEF49B4}
		{C545137C-860E-4E8C-BC09-68E2DC23E45E} = {E241461A-F2BF-4E7A-B187-4CA526C7F253}
	EndGlobalSection
EndGlobal
